#广告拦截
payload:

  - DOMAIN-SUFFIX,gdt.qq.com
  - DOMAIN-SUFFIX,gdtimg.com
  - DOMAIN-SUFFIX,pgdt.gtimg.cn
  - DOMAIN-SUFFIX,beacon.qq.com
  - DOMAIN-SUFFIX,beacon.gtimg.com
  - DOMAIN-SUFFIX,trace.qq.com
  - DOMAIN-SUFFIX,trace.tencent.com
  - DOMAIN-SUFFIX,monitor.qq.com
  - DOMAIN-SUFFIX,pingma.qq.com
  - DOMAIN-SUFFIX,ads.qq.com
  - DOMAIN-SUFFIX,tads.qq.com

  - DOMAIN-SUFFIX,pangolin-sdk-toutiao.com
  - DOMAIN-SUFFIX,ad.toutiao.com
  - DOMAIN-SUFFIX,ads.mopub.com
  - DOMAIN-SUFFIX,log.coolapk.com
  - DOMAIN-SUFFIX,stat.coolapk.com

  - DOMAIN-SUFFIX,ads.union.jd.com
  - DOMAIN-SUFFIX,ads.service.jd.com
  - DOMAIN-SUFFIX,ad.jd.com

  - DOMAIN-SUFFIX,click.taobao.com
  - DOMAIN-SUFFIX,fav.simba.taobao.com
  - DOMAIN-SUFFIX,strip.taobaocdn.com

  - DOMAIN-SUFFIX,ads.pinduoduo.com
  - DOMAIN-SUFFIX,ad.yangkeduo.com
  - DOMAIN-SUFFIX,promotion.pddpic.com

  - DOMAIN-SUFFIX,doubleclick.net
  - DOMAIN-SUFFIX,googlesyndication.com
  - DOMAIN-SUFFIX,google-analytics.com
  - DOMAIN-SUFFIX,googletagservices.com
  - DOMAIN-SUFFIX,umeng.com
  - DOMAIN-SUFFIX,umengcloud.com


